
Microsoft Visual Studio Solution File, Format Version 12.00
# Visual Studio Version 17
VisualStudioVersion = 17.5.002.0
MinimumVisualStudioVersion = 10.0.40219.1
Project("{9A19103F-16F7-4668-BE54-9A1E7A4F7556}") = "IS_nal", "IS_nal.csproj", "{61D5E200-6DC8-4906-9A96-BF1051D8E8EE}"
EndProject
Global
	GlobalSection(SolutionConfigurationPlatforms) = preSolution
		Debug|Any CPU = Debug|Any CPU
		Release|Any CPU = Release|Any CPU
	EndGlobalSection
	GlobalSection(ProjectConfigurationPlatforms) = postSolution
		{61D5E200-6DC8-4906-9A96-BF1051D8E8EE}.Debug|Any CPU.ActiveCfg = Debug|Any CPU
		{61D5E200-6DC8-4906-9A96-BF1051D8E8EE}.Debug|Any CPU.Build.0 = Debug|Any CPU
		{61D5E200-6DC8-4906-9A96-BF1051D8E8EE}.Release|Any CPU.ActiveCfg = Release|Any CPU
		{61D5E200-6DC8-4906-9A96-BF1051D8E8EE}.Release|Any CPU.Build.0 = Release|Any CPU
	EndGlobalSection
	GlobalSection(SolutionProperties) = preSolution
		HideSolutionNode = FALSE
	EndGlobalSection
	GlobalSection(ExtensibilityGlobals) = postSolution
		SolutionGuid = {FD740B70-A6FD-48CD-AAC6-491AAF418DB8}
	EndGlobalSection
EndGlobal
